
Microsoft Visual Studio Solution File, Format Version 12.00
Project("{FAE04EC0-301F-11D3-BF4B-00C04F79EFBC}") = "GBGPT", "GBGPT.csproj", "{B5EB5BF5-9713-46F5-9A47-7640F11BC241}"
EndProject
Global
	GlobalSection(SolutionConfigurationPlatforms) = preSolution
		Debug|Any CPU = Debug|Any CPU
		Release|Any CPU = Release|Any CPU
	EndGlobalSection
	GlobalSection(ProjectConfigurationPlatforms) = postSolution
		{B5EB5BF5-9713-46F5-9A47-7640F11BC241}.Debug|Any CPU.ActiveCfg = Debug|Any CPU
		{B5EB5BF5-9713-46F5-9A47-7640F11BC241}.Debug|Any CPU.Build.0 = Debug|Any CPU
		{B5EB5BF5-9713-46F5-9A47-7640F11BC241}.Release|Any CPU.ActiveCfg = Release|Any CPU
		{B5EB5BF5-9713-46F5-9A47-7640F11BC241}.Release|Any CPU.Build.0 = Release|Any CPU
	EndGlobalSection
EndGlobal
